
Microsoft Visual Studio Solution File, Format Version 12.00
# Visual Studio Version 17
VisualStudioVersion = 17.6.33723.286
MinimumVisualStudioVersion = 10.0.40219.1
Project("{FAE04EC0-301F-11D3-BF4B-00C04F79EFBC}") = "FunzioniCSV", "FunzioniCSV\FunzioniCSV.csproj", "{AEAC5093-8547-460E-87F4-2A6A8115EFD9}"
EndProject
Global
	GlobalSection(SolutionConfigurationPlatforms) = preSolution
		Debug|Any CPU = Debug|Any CPU
		Release|Any CPU = Release|Any CPU
	EndGlobalSection
	GlobalSection(ProjectConfigurationPlatforms) = postSolution
		{AEAC5093-8547-460E-87F4-2A6A8115EFD9}.Debug|Any CPU.ActiveCfg = Debug|Any CPU
		{AEAC5093-8547-460E-87F4-2A6A8115EFD9}.Debug|Any CPU.Build.0 = Debug|Any CPU
		{AEAC5093-8547-460E-87F4-2A6A8115EFD9}.Release|Any CPU.ActiveCfg = Release|Any CPU
		{AEAC5093-8547-460E-87F4-2A6A8115EFD9}.Release|Any CPU.Build.0 = Release|Any CPU
	EndGlobalSection
	GlobalSection(SolutionProperties) = preSolution
		HideSolutionNode = FALSE
	EndGlobalSection
	GlobalSection(ExtensibilityGlobals) = postSolution
		SolutionGuid = {7CF17A47-E58E-4FB2-B611-AFEB10004BFD}
	EndGlobalSection
EndGlobal
